
Microsoft Visual Studio Solution File, Format Version 12.00
# Visual Studio Version 16
VisualStudioVersion = 16.0.29519.181
MinimumVisualStudioVersion = 10.0.40219.1
Project("{FAE04EC0-301F-11D3-BF4B-00C04F79EFBC}") = "ShiftWebService", "ShiftWebService\ShiftWebService.csproj", "{F34C0774-69E0-4A02-9B7E-AE167AC17359}"
EndProject
Global
	GlobalSection(SolutionConfigurationPlatforms) = preSolution
		Debug|Any CPU = Debug|Any CPU
		Release|Any CPU = Release|Any CPU
	EndGlobalSection
	GlobalSection(ProjectConfigurationPlatforms) = postSolution
		{F34C0774-69E0-4A02-9B7E-AE167AC17359}.Debug|Any CPU.ActiveCfg = Debug|Any CPU
		{F34C0774-69E0-4A02-9B7E-AE167AC17359}.Debug|Any CPU.Build.0 = Debug|Any CPU
		{F34C0774-69E0-4A02-9B7E-AE167AC17359}.Release|Any CPU.ActiveCfg = Release|Any CPU
		{F34C0774-69E0-4A02-9B7E-AE167AC17359}.Release|Any CPU.Build.0 = Release|Any CPU
	EndGlobalSection
	GlobalSection(SolutionProperties) = preSolution
		HideSolutionNode = FALSE
	EndGlobalSection
	GlobalSection(ExtensibilityGlobals) = postSolution
		SolutionGuid = {174DDCED-DF04-46B2-BAE4-1A47BFDE0130}
	EndGlobalSection
EndGlobal
